
Microsoft Visual Studio Solution File, Format Version 12.00
# Visual Studio 15
VisualStudioVersion = 15.0.28307.489
MinimumVisualStudioVersion = 10.0.40219.1
Project("{FAE04EC0-301F-11D3-BF4B-00C04F79EFBC}") = "SuppressNotifications", "SuppressNotifications\SuppressNotifications.csproj", "{FBD4BFC8-DAC6-495A-A616-90E921919458}"
EndProject
Global
	GlobalSection(SolutionConfigurationPlatforms) = preSolution
		Debug|Any CPU = Debug|Any CPU
		Release|Any CPU = Release|Any CPU
	EndGlobalSection
	GlobalSection(ProjectConfigurationPlatforms) = postSolution
		{FBD4BFC8-DAC6-495A-A616-90E921919458}.Debug|Any CPU.ActiveCfg = Debug|Any CPU
		{FBD4BFC8-DAC6-495A-A616-90E921919458}.Debug|Any CPU.Build.0 = Debug|Any CPU
		{FBD4BFC8-DAC6-495A-A616-90E921919458}.Release|Any CPU.ActiveCfg = Release|Any CPU
		{FBD4BFC8-DAC6-495A-A616-90E921919458}.Release|Any CPU.Build.0 = Release|Any CPU
	EndGlobalSection
	GlobalSection(SolutionProperties) = preSolution
		HideSolutionNode = FALSE
	EndGlobalSection
	GlobalSection(ExtensibilityGlobals) = postSolution
		SolutionGuid = {19533B58-AF7A-4B93-A543-8EB8D5B3F7FC}
	EndGlobalSection
EndGlobal
